// !$*UTF8*$!
{
	archiveVersion = 1;
	classes = {
	};
	objectVersion = 46;
	objects = {

/* Begin PBXBuildFile section */
		59E823A81A602B7300F4E875 /* AppDelegate.swift in Sources */ = {isa = PBXBuildFile; fileRef = 59E823A71A602B7300F4E875 /* AppDelegate.swift */; };
		59E823AA1A602B7300F4E875 /* ViewController.swift in Sources */ = {isa = PBXBuildFile; fileRef = 59E823A91A602B7300F4E875 /* ViewController.swift */; };
		59E823AD1A602B7300F4E875 /* Main.storyboard in Resources */ = {isa = PBXBuildFile; fileRef = 59E823AB1A602B7300F4E875 /* Main.storyboard */; };
		59E823AF1A602B7300F4E875 /* Images.xcassets in Resources */ = {isa = PBXBuildFile; fileRef = 59E823AE1A602B7300F4E875 /* Images.xcassets */; };
		59E823B21A602B7300F4E875 /* LaunchScreen.xib in Resources */ = {isa = PBXBuildFile; fileRef = 59E823B01A602B7300F4E875 /* LaunchScreen.xib */; };
		59E823BE1A602B7300F4E875 /* firstApp1Tests.swift in Sources */ = {isa = PBXBuildFile; fileRef = 59E823BD1A602B7300F4E875 /* firstApp1Tests.swift */; };
/* End PBXBuildFile section */

/* Begin PBXContainerItemProxy section */
		59E823B81A602B7300F4E875 /* PBXContainerItemProxy */ = {
			isa = PBXContainerItemProxy;
			containerPortal = 59E8239A1A602B7300F4E875 /* Project object */;
			proxyType = 1;
			remoteGlobalIDString = 59E823A11A602B7300F4E875;
			remoteInfo = firstApp1;
		};
/* End PBXContainerItemProxy section  */

/* Begin PBXFileReference section */
		59E823A21A602B7300F4E875 /* firstApp1.app */ = {isa = PBXFileReference; explicitFileType = wrapper.application; includeInIndex = 0; path = firstApp1.app; sourceTree = BUILT_PRODUCTS_DIR; };
		59E823A61A602B7300F4E875 /* Info.plist */ = {isa = PBXFileReference; lastKnownFileType = text.plist.xml; path = Info.plist; sourceTree = "<group>"; };
		59E823A71A602B7300F4E875 /* AppDelegate.swift */ = {isa = PBXFileReference; lastKnownFileType = sourcecode.swift; path = AppDelegate.swift; sourceTree = "<group>"; };
		59E823A91A602B7300F4E875 /* ViewController.swift */ = {isa = PBXFileReference; lastKnownFileType = sourcecode.swift; path = ViewController.swift; sourceTree = "<group>"; };
		59E823AC1A602B7300F4E875 /* Base */ = {isa = PBXFileReference; lastKnownFileType = file.storyboard; name = Base; path = Base.lproj/Main.storyboard; sourceTree = "<group>"; };
		59E823AE1A602B7300F4E875 /* Images.xcassets */ = {isa = PBXFileReference; lastKnownFileType = folder.assetcatalog; path = Images.xcassets; sourceTree = "<group>"; };
		59E823B11A602B7300F4E875 /* Base */ = {isa = PBXFileReference; lastKnownFileType = file.xib; name = Base; path = Base.lproj/LaunchScreen.xib; sourceTree = "<group>"; };
		59E823B71A602B7300F4E875 /* firstApp1Tests.xctest */ = {isa = PBXFileReference; explicitFileType = wrapper.cfbundle; includeInIndex = 0; path = firstApp1Tests.xctest; sourceTree = BUILT_PRODUCTS_DIR; };
		59E823BC1A602B7300F4E875 /* Info.plist */ = {isa = PBXFileReference; lastKnownFileType = text.plist.xml; path = Info.plist; sourceTree = "<group>"; };
		59E823BD1A602B7300F4E875 /* firstApp1Tests.swift */ = {isa = PBXFileReference; lastKnownFileType = sourcecode.swift; path = firstApp1Tests.swift; sourceTree = "<group>"; };
/* End PBXFileReference section */

/* Begin PBXFrameworksBuildPhase section */
		59E8239F1A602B7300F4E875 /* Frameworks */ = {
			isa = PBXFrameworksBuildPhase;
			buildActionMask = 2147483647;
			files = (
			);
			runOnlyForDeploymentPostprocessing = 0;
		};
		59E823B41A602B7300F4E875 /* Frameworks */ = {
			isa = PBXFrameworksBuildPhase;
			buildActionMask = 2147483647;
			files = (
			);
			runOnlyForDeploymentPostprocessing = 0;
		};
/* End PBXFrameworksBuildPhase section */

/* Begin PBXGroup section */
		59E823991A602B7300F4E875 = {
			isa = PBXGroup;
			children = (
				59E823A41A602B7300F4E875 /* firstApp1 */,
				59E823BA1A602B7300F4E875 /* firstApp1Tests */,
				59E823A31A602B7300F4E875 /* Products */,
			);
			sourceTree = "<group>";
		};
		59E823A31A602B7300F4E875 /* Products */ = {
			isa = PBXGroup;
			children = (
				59E823A21A602B7300F4E875 /* firstApp1.app */,
				59E823B71A602B7300F4E875 /* firstApp1Tests.xctest */,
			);
			name = Products;
			sourceTree = "<group>";
		};
		59E823A41A602B7300F4E875 /* firstApp1 */ = {
			isa = PBXGroup;
			children = (
				59E823A71A602B7300F4E875 /* AppDelegate.swift */,
				59E823A91A602B7300F4E875 /* ViewController.swift */,
				59E823AB1A602B7300F4E875 /* Main.storyboard */,
				59E823AE1A602B7300F4E875 /* Images.xcassets */,
				59E823B01A602B7300F4E875 /* LaunchScreen.xib */,
				59E823A51A602B7300F4E875 /* Supporting Files */,
			);
			path = firstApp1;
			sourceTree = "<group>";
		};
		59E823A51A602B7300F4E875 /* Supporting Files */ = {
			isa = PBXGroup;
			children = (
				59E823A61A602B7300F4E875 /* Info.plist */,
			);
			name = "Supporting Files";
			sourceTree = "<group>";
		};
		59E823BA1A602B7300F4E875 /* firstApp1Tests */ = {
			isa = PBXGroup;
			children = (
				59E823BD1A602B7300F4E875 /* firstApp1Tests.swift */,
				59E823BB1A602B7300F4E875 /* Supporting Files */,
			);
			path = firstApp1Tests;
			sourceTree = "<group>";
		};
		59E823BB1A602B7300F4E875 /* Supporting Files */ = {
			isa = PBXGroup;
			children = (
				59E823BC1A602B7300F4E875 /* Info.plist */,
			);
			name = "Supporting Files";
			sourceTree = "<group>";
		};
/* End PBXGroup section */

/* Begin PBXNativeTarget section */
		59E823A11A602B7300F4E875 /* firstApp1 */ = {
			isa = PBXNativeTarget;
			buildConfigurationList = 59E823C11A602B7300F4E875 /* Build configuration list for PBXNativeTarget "firstApp1" */;
			buildPhases = (
				59E8239E1A602B7300F4E875 /* Sources */,
				59E8239F1A602B7300F4E875 /* Frameworks */,
				59E823A01A602B7300F4E875 /* Resources */,
			);
			buildRules = (
			);
			dependencies = (
			);
			name = firstApp1;
			productName = firstApp1;
			productReference = 59E823A21A602B7300F4E875 /* firstApp1.app */;
			productType = "com.apple.product-type.application";
		};
		59E823B61A602B7300F4E875 /* firstApp1Tests */ = {
			isa = PBXNativeTarget;
			buildConfigurationList = 59E823C41A602B7300F4E875 /* Build configuration list for PBXNativeTarget "firstApp1Tests" */;
			buildPhases = (
				59E823B31A602B7300F4E875 /* Sources */,
				59E823B41A602B7300F4E875 /* Frameworks */,
				59E823B51A602B7300F4E875 /* Resources */,
			);
			buildRules = (
			);
			dependencies = (
				59E823B91A602B7300F4E875 /* PBXTargetDependency */,
			);
			name = firstApp1Tests;
			productName = firstApp1Tests;
			productReference = 59E823B71A602B7300F4E875 /* firstApp1Tests.xctest */;
			productType = "com.apple.product-type.bundle.unit-test";
		};
/* End PBXNativeTarget section */

/* Begin PBXProject section */
		59E8239A1A602B7300F4E875 /* Project object */ = {
			isa = PBXProject;
			attributes = {
				LastUpgradeCheck = 0610;
				ORGANIZATIONNAME = "Whyte, Damian";
				TargetAttributes = {
					59E823A11A602B7300F4E875 = {
						CreatedOnToolsVersion = 6.1;
					};
					59E823B61A602B7300F4E875 = {
						CreatedOnToolsVersion = 6.1;
						TestTargetID = 59E823A11A602B7300F4E875;
					};
				};
			};
			buildConfigurationList = 59E8239D1A602B7300F4E875 /* Build configuration list for PBXProject "firstApp1" */;
			compatibilityVersion = "Xcode 3.2";
			developmentRegion = English;
			hasScannedForEncodings = 0;
			knownRegions = (
				en,
				Base,
			);
			mainGroup = 59E823991A602B7300F4E875;
			productRefGroup = 59E823A31A602B7300F4E875 /* Products */;
			projectDirPath = "";
			projectRoot = "";
			targets = (
				59E823A11A602B7300F4E875 /* firstApp1 */,
				59E823B61A602B7300F4E875 /* firstApp1Tests */,
			);
		};
/* End PBXProject section */

/* Begin PBXResourcesBuildPhase section */
		59E823A01A602B7300F4E875 /* Resources */ = {
			isa = PBXResourcesBuildPhase;
			buildActionMask = 2147483647;
			files = (
				59E823AD1A602B7300F4E875 /* Main.storyboard in Resources */,
				59E823B21A602B7300F4E875 /* LaunchScreen.xib in Resources */,
				59E823AF1A602B7300F4E875 /* Images.xcassets in Resources */,
			);
			runOnlyForDeploymentPostprocessing = 0;
		};
		59E823B51A602B7300F4E875 /* Resources */ = {
			isa = PBXResourcesBuildPhase;
			buildActionMask = 2147483647;
			files = (
			);
			runOnlyForDeploymentPostprocessing = 0;
		};
/* End PBXResourcesBuildPhase section */

/* Begin PBXSourcesBuildPhase section */
		59E8239E1A602B7300F4E875 /* Sources */ = {
			isa = PBXSourcesBuildPhase;
			buildActionMask = 2147483647;
			files = (
				59E823AA1A602B7300F4E875 /* ViewController.swift in Sources */,
				59E823A81A602B7300F4E875 /* AppDelegate.swift in Sources */,
			);
			runOnlyForDeploymentPostprocessing = 0;
		};
		59E823B31A602B7300F4E875 /* Sources */ = {
			isa = PBXSourcesBuildPhase;
			buildActionMask = 2147483647;
			files = (
				59E823BE1A602B7300F4E875 /* firstApp1Tests.swift in Sources */,
			);
			runOnlyForDeploymentPostprocessing = 0;
		};
/* End PBXSourcesBuildPhase section */

/* Begin PBXTargetDependency section */
		59E823B91A602B7300F4E875 /* PBXTargetDependency */ = {
			isa = PBXTargetDependency;
			target = 59E823A11A602B7300F4E875 /* firstApp1 */;
			targetProxy = 59E823B81A602B7300F4E875 /* PBXContainerItemProxy */;
		};
/* End PBXTargetDependency section */

/* Begin PBXVariantGroup section */
		59E823AB1A602B7300F4E875 /* Main.storyboard */ = {
			isa = PBXVariantGroup;
			children = (
				59E823AC1A602B7300F4E875 /* Base */,
			);
			name = Main.storyboard;
			sourceTree = "<group>";
		};
		59E823B01A602B7300F4E875 /* LaunchScreen.xib */ = {
			isa = PBXVariantGroup;
			children = (
				59E823B11A602B7300F4E875 /* Base */,
			);
			name = LaunchScreen.xib;
			sourceTree = "<group>";
		};
/* End PBXVariantGroup section */

/* Begin XCBuildConfiguration section */
		59E823BF1A602B7300F4E875 /* Debug */ = {
			isa = XCBuildConfiguration;
			buildSettings = {
				ALWAYS_SEARCH_USER_PATHS = NO;
				CLANG_CXX_LANGUAGE_STANDARD = "gnu++0x";
				CLANG_CXX_LIBRARY = "libc++";
				CLANG_ENABLE_MODULES = YES;
				CLANG_ENABLE_OBJC_ARC = YES;
				CLANG_WARN_BOOL_CONVERSION = YES;
				CLANG_WARN_CONSTANT_CONVERSION = YES;
				CLANG_WARN_DIRECT_OBJC_ISA_USAGE = YES_ERROR;
				CLANG_WARN_EMPTY_BODY = YES;
				CLANG_WARN_ENUM_CONVERSION = YES;
				CLANG_WARN_INT_CONVERSION = YES;
				CLANG_WARN_OBJC_ROOT_CLASS = YES_ERROR;
				CLANG_WARN_UNREACHABLE_CODE = YES;
				CLANG_WARN__DUPLICATE_METHOD_MATCH = YES;
				"CODE_SIGN_IDENTITY[sdk=iphoneos*]" = "iPhone Developer";
				COPY_PHASE_STRIP = NO;
				ENABLE_STRICT_OBJC_MSGSEND = YES;
				GCC_C_LANGUAGE_STANDARD = gnu99;
				GCC_DYNAMIC_NO_PIC = NO;
				GCC_OPTIMIZATION_LEVEL = 0;
				GCC_PREPROCESSOR_DEFINITIONS = (
					"DEBUG=1",
					"$(inherited)",
				);
				GCC_SYMBOLS_PRIVATE_EXTERN = NO;
				GCC_WARN_64_TO_32_BIT_CONVERSION = YES;
				GCC_WARN_ABOUT_RETURN_TYPE = YES_ERROR;
				GCC_WARN_UNDECLARED_SELECTOR = YES;
				GCC_WARN_UNINITIALIZED_AUTOS = YES_AGGRESSIVE;
				GCC_WARN_UNUSED_FUNCTION = YES;
				GCC_WARN_UNUSED_VARIABLE = YES;
				IPHONEOS_DEPLOYMENT_TARGET = 8.1;
				MTL_ENABLE_DEBUG_INFO = YES;
				ONLY_ACTIVE_ARCH = YES;
				SDKROOT = iphoneos;
				SWIFT_OPTIMIZATION_LEVEL = "-Onone";
			};
			name = Debug;
		};
		59E823C01A602B7300F4E875 /* Release */ = {
			isa = XCBuildConfiguration;
			buildSettings = {
				ALWAYS_SEARCH_USER_PATHS = NO;
				CLANG_CXX_LANGUAGE_STANDARD = "gnu++0x";
				CLANG_CXX_LIBRARY = "libc++";
				CLANG_ENABLE_MODULES = YES;
				CLANG_ENABLE_OBJC_ARC = YES;
				CLANG_WARN_BOOL_CONVERSION = YES;
				CLANG_WARN_CONSTANT_CONVERSION = YES;
				CLANG_WARN_DIRECT_OBJC_ISA_USAGE = YES_ERROR;
				CLANG_WARN_EMPTY_BODY = YES;
				CLANG_WARN_ENUM_CONVERSION = YES;
				CLANG_WARN_INT_CONVERSION = YES;
				CLANG_WARN_OBJC_ROOT_CLASS = YES_ERROR;
				CLANG_WARN_UNREACHABLE_CODE = YES;
				CLANG_WARN__DUPLICATE_METHOD_MATCH = YES;
				"CODE_SIGN_IDENTITY[sdk=iphoneos*]" = "iPhone Developer";
				COPY_PHASE_STRIP = YES;
				ENABLE_NS_ASSERTIONS = NO;
				ENABLE_STRICT_OBJC_MSGSEND = YES;
				GCC_C_LANGUAGE_STANDARD = gnu99;
				GCC_WARN_64_TO_32_BIT_CONVERSION = YES;
				GCC_WARN_ABOUT_RETURN_TYPE = YES_ERROR;
				GCC_WARN_UNDECLARED_SELECTOR = YES;
				GCC_WARN_UNINITIALIZED_AUTOS = YES_AGGRESSIVE;
				GCC_WARN_UNUSED_FUNCTION = YES;
				GCC_WARN_UNUSED_VARIABLE = YES;
				IPHONEOS_DEPLOYMENT_TARGET = 8.1;
				MTL_ENABLE_DEBUG_INFO = NO;
				SDKROOT = iphoneos;
				VALIDATE_PRODUCT = YES;
			};
			name = Release;
		};
		59E823C21A602B7300F4E875 /* Debug */ = {
			isa = XCBuildConfiguration;
			buildSettings = {
				ASSETCATALOG_COMPILER_APPICON_NAME = AppIcon;
				INFOPLIST_FILE = firstApp1/Info.plist;
				LD_RUNPATH_SEARCH_PATHS = "$(inherited) @executable_path/Frameworks";
				PRODUCT_NAME = "$(TARGET_NAME)";
			};
			name = Debug;
		};
		59E823C31A602B7300F4E875 /* Release */ = {
			isa = XCBuildConfiguration;
			buildSettings = {
				ASSETCATALOG_COMPILER_APPICON_NAME = AppIcon;
				INFOPLIST_FILE = firstApp1/Info.plist;
				LD_RUNPATH_SEARCH_PATHS = "$(inherited) @executable_path/Frameworks";
				PRODUCT_NAME = "$(TARGET_NAME)";
			};
			name = Release;
		};
		59E823C51A602B7300F4E875 /* Debug */ = {
			isa = XCBuildConfiguration;
			buildSettings = {
				BUNDLE_LOADER = "$(TEST_HOST)";
				FRAMEWORK_SEARCH_PATHS = (
					"$(SDKROOT)/Developer/Library/Frameworks",
					"$(inherited)",
				);
				GCC_PREPROCESSOR_DEFINITIONS = (
					"DEBUG=1",
					"$(inherited)",
				);
				INFOPLIST_FILE = firstApp1Tests/Info.plist;
				LD_RUNPATH_SEARCH_PATHS = "$(inherited) @executable_path/Frameworks @loader_path/Frameworks";
				PRODUCT_NAME = "$(TARGET_NAME)";
				TEST_HOST = "$(BUILT_PRODUCTS_DIR)/firstApp1.app/firstApp1";
			};
			name = Debug;
		};
		59E823C61A602B7300F4E875 /* Release */ = {
			isa = XCBuildConfiguration;
			buildSettings = {
				BUNDLE_LOADER = "$(TEST_HOST)";
				FRAMEWORK_SEARCH_PATHS = (
					"$(SDKROOT)/Developer/Library/Frameworks",
					"$(inherited)",
				);
				INFOPLIST_FILE = firstApp1Tests/Info.plist;
				LD_RUNPATH_SEARCH_PATHS = "$(inherited) @executable_path/Frameworks @loader_path/Frameworks";
				PRODUCT_NAME = "$(TARGET_NAME)";
				TEST_HOST = "$(BUILT_PRODUCTS_DIR)/firstApp1.app/firstApp1";
			};
			name = Release;
		};
/* End XCBuildConfiguration section */

/* Begin XCConfigurationList section */
		59E8239D1A602B7300F4E875 /* Build configuration list for PBXProject "firstApp1" */ = {
			isa = XCConfigurationList;
			buildConfigurations = (
				59E823BF1A602B7300F4E875 /* Debug */,
				59E823C01A602B7300F4E875 /* Release */,
			);
			defaultConfigurationIsVisible = 0;
			defaultConfigurationName = Release;
		};
		59E823C11A602B7300F4E875 /* Build configuration list for PBXNativeTarget "firstApp1" */ = {
			isa = XCConfigurationList;
			buildConfigurations = (
				59E823C21A602B7300F4E875 /* Debug */,
				59E823C31A602B7300F4E875 /* Release */,
			);
			defaultConfigurationIsVisible = 0;
		};
		59E823C41A602B7300F4E875 /* Build configuration list for PBXNativeTarget "firstApp1Tests" */ = {
			isa = XCConfigurationList;
			buildConfigurations = (
				59E823C51A602B7300F4E875 /* Debug */,
				59E823C61A602B7300F4E875 /* Release */,
			);
			defaultConfigurationIsVisible = 0;
		};
/* End XCConfigurationList section */
	};
	rootObject = 59E8239A1A602B7300F4E875 /* Project object */;
}
